
Microsoft Visual Studio Solution File, Format Version 12.00
# Visual Studio Version 17
VisualStudioVersion = 17.11.35017.193
MinimumVisualStudioVersion = 10.0.40219.1
Project("{FAE04EC0-301F-11D3-BF4B-00C04F79EFBC}") = "Stokvel Groups Home RSA", "Stokvel Groups Home RSA\Stokvel Groups Home RSA.csproj", "{F7640FAC-36DA-4104-A1EF-A4ED34DC6D6A}"
EndProject
Global
	GlobalSection(SolutionConfigurationPlatforms) = preSolution
		Debug|Any CPU = Debug|Any CPU
		Release|Any CPU = Release|Any CPU
	EndGlobalSection
	GlobalSection(ProjectConfigurationPlatforms) = postSolution
		{F7640FAC-36DA-4104-A1EF-A4ED34DC6D6A}.Debug|Any CPU.ActiveCfg = Debug|Any CPU
		{F7640FAC-36DA-4104-A1EF-A4ED34DC6D6A}.Debug|Any CPU.Build.0 = Debug|Any CPU
		{F7640FAC-36DA-4104-A1EF-A4ED34DC6D6A}.Release|Any CPU.ActiveCfg = Release|Any CPU
		{F7640FAC-36DA-4104-A1EF-A4ED34DC6D6A}.Release|Any CPU.Build.0 = Release|Any CPU
	EndGlobalSection
	GlobalSection(SolutionProperties) = preSolution
		HideSolutionNode = FALSE
	EndGlobalSection
	GlobalSection(ExtensibilityGlobals) = postSolution
		SolutionGuid = {51517185-28B1-4425-98DF-A731A486FD57}
	EndGlobalSection
EndGlobal
